Microsoft Visual Studio Solution File, Format Version 12.00
# Visual Studio 2012
Project("{FAE04EC0-301F-11D3-BF4B-00C04F79EFBC}") = "FirstPersonV2", "FirstPersonV2.csproj", "{68401402-2CAB-4E8B-AF03-E1923C8B3A45}"
EndProject
Global
	GlobalSection(SolutionConfigurationPlatforms) = preSolution
	Debug|Any CPU = Debug|Any CPU
	ExportDebug|Any CPU = ExportDebug|Any CPU
	ExportRelease|Any CPU = ExportRelease|Any CPU
	EndGlobalSection
	GlobalSection(ProjectConfigurationPlatforms) = postSolution
		{68401402-2CAB-4E8B-AF03-E1923C8B3A45}.Debug|Any CPU.ActiveCfg = Debug|Any CPU
		{68401402-2CAB-4E8B-AF03-E1923C8B3A45}.Debug|Any CPU.Build.0 = Debug|Any CPU
		{68401402-2CAB-4E8B-AF03-E1923C8B3A45}.ExportDebug|Any CPU.ActiveCfg = ExportDebug|Any CPU
		{68401402-2CAB-4E8B-AF03-E1923C8B3A45}.ExportDebug|Any CPU.Build.0 = ExportDebug|Any CPU
		{68401402-2CAB-4E8B-AF03-E1923C8B3A45}.ExportRelease|Any CPU.ActiveCfg = ExportRelease|Any CPU
		{68401402-2CAB-4E8B-AF03-E1923C8B3A45}.ExportRelease|Any CPU.Build.0 = ExportRelease|Any CPU
	EndGlobalSection
EndGlobal
